
Microsoft Visual Studio Solution File, Format Version 12.00
# Visual Studio Version 17
VisualStudioVersion = 17.9.34728.123
MinimumVisualStudioVersion = 10.0.40219.1
Project("{FAE04EC0-301F-11D3-BF4B-00C04F79EFBC}") = "Arcanoid", "Arcanoid\Arcanoid.csproj", "{462138B1-D96B-42D9-B5E1-97E91DD7C6CC}"
EndProject
Global
	GlobalSection(SolutionConfigurationPlatforms) = preSolution
		Debug|Any CPU = Debug|Any CPU
		Release|Any CPU = Release|Any CPU
	EndGlobalSection
	GlobalSection(ProjectConfigurationPlatforms) = postSolution
		{462138B1-D96B-42D9-B5E1-97E91DD7C6CC}.Debug|Any CPU.ActiveCfg = Debug|Any CPU
		{462138B1-D96B-42D9-B5E1-97E91DD7C6CC}.Debug|Any CPU.Build.0 = Debug|Any CPU
		{462138B1-D96B-42D9-B5E1-97E91DD7C6CC}.Release|Any CPU.ActiveCfg = Release|Any CPU
		{462138B1-D96B-42D9-B5E1-97E91DD7C6CC}.Release|Any CPU.Build.0 = Release|Any CPU
	EndGlobalSection
	GlobalSection(SolutionProperties) = preSolution
		HideSolutionNode = FALSE
	EndGlobalSection
	GlobalSection(ExtensibilityGlobals) = postSolution
		SolutionGuid = {29350191-3796-4421-9885-A1C931BBE165}
	EndGlobalSection
EndGlobal
